
Microsoft Visual Studio Solution File, Format Version 12.00
# Visual Studio Version 17
VisualStudioVersion = 17.0.31903.59
MinimumVisualStudioVersion = 10.0.40219.1
Project("{2150E333-8FDC-42A3-9474-1A3956D46DE8}") = "src", "src", "{827E0CD3-B72D-47B6-A68D-7590B98EB39B}"
EndProject
Project("{2150E333-8FDC-42A3-9474-1A3956D46DE8}") = "backend", "backend", "{FE360695-3F2B-1049-3887-35FBB5135923}"
EndProject
Project("{FAE04EC0-301F-11D3-BF4B-00C04F79EFBC}") = "FieldOps.Api", "src\backend\FieldOps.Api\FieldOps.Api.csproj", "{06CF4BE5-2206-46F3-8C15-6750B327A0FB}"
EndProject
Project("{FAE04EC0-301F-11D3-BF4B-00C04F79EFBC}") = "FieldOps.Application", "src\backend\FieldOps.Application\FieldOps.Application.csproj", "{26553D31-6D48-4109-994D-792D2A88FC70}"
EndProject
Project("{FAE04EC0-301F-11D3-BF4B-00C04F79EFBC}") = "FieldOps.Domain", "src\backend\FieldOps.Domain\FieldOps.Domain.csproj", "{ABF04116-1F7F-4FC5-ABE2-7CA80E30E11A}"
EndProject
Project("{FAE04EC0-301F-11D3-BF4B-00C04F79EFBC}") = "FieldOps.Infrastructure", "src\backend\FieldOps.Infrastructure\FieldOps.Infrastructure.csproj", "{E4E5B702-826E-4E5E-9888-324E6F11A263}"
EndProject
Project("{2150E333-8FDC-42A3-9474-1A3956D46DE8}") = "tests", "tests", "{0AB3BF05-4346-4AA6-1389-037BE0695223}"
EndProject
Project("{FAE04EC0-301F-11D3-BF4B-00C04F79EFBC}") = "FieldOps.UnitTests", "tests\FieldOps.UnitTests\FieldOps.UnitTests.csproj", "{8D7D8BC0-C479-4700-B106-AB1B1C374AE7}"
EndProject
Global
	GlobalSection(SolutionConfigurationPlatforms) = preSolution
		Debug|Any CPU = Debug|Any CPU
		Debug|x64 = Debug|x64
		Debug|x86 = Debug|x86
		Release|Any CPU = Release|Any CPU
		Release|x64 = Release|x64
		Release|x86 = Release|x86
	EndGlobalSection
	GlobalSection(ProjectConfigurationPlatforms) = postSolution
		{06CF4BE5-2206-46F3-8C15-6750B327A0FB}.Debug|Any CPU.ActiveCfg = Debug|Any CPU
		{06CF4BE5-2206-46F3-8C15-6750B327A0FB}.Debug|Any CPU.Build.0 = Debug|Any CPU
		{06CF4BE5-2206-46F3-8C15-6750B327A0FB}.Debug|x64.ActiveCfg = Debug|Any CPU
		{06CF4BE5-2206-46F3-8C15-6750B327A0FB}.Debug|x64.Build.0 = Debug|Any CPU
		{06CF4BE5-2206-46F3-8C15-6750B327A0FB}.Debug|x86.ActiveCfg = Debug|Any CPU
		{06CF4BE5-2206-46F3-8C15-6750B327A0FB}.Debug|x86.Build.0 = Debug|Any CPU
		{06CF4BE5-2206-46F3-8C15-6750B327A0FB}.Release|Any CPU.ActiveCfg = Release|Any CPU
		{06CF4BE5-2206-46F3-8C15-6750B327A0FB}.Release|Any CPU.Build.0 = Release|Any CPU
		{06CF4BE5-2206-46F3-8C15-6750B327A0FB}.Release|x64.ActiveCfg = Release|Any CPU
		{06CF4BE5-2206-46F3-8C15-6750B327A0FB}.Release|x64.Build.0 = Release|Any CPU
		{06CF4BE5-2206-46F3-8C15-6750B327A0FB}.Release|x86.ActiveCfg = Release|Any CPU
		{06CF4BE5-2206-46F3-8C15-6750B327A0FB}.Release|x86.Build.0 = Release|Any CPU
		{26553D31-6D48-4109-994D-792D2A88FC70}.Debug|Any CPU.ActiveCfg = Debug|Any CPU
		{26553D31-6D48-4109-994D-792D2A88FC70}.Debug|Any CPU.Build.0 = Debug|Any CPU
		{26553D31-6D48-4109-994D-792D2A88FC70}.Debug|x64.ActiveCfg = Debug|Any CPU
		{26553D31-6D48-4109-994D-792D2A88FC70}.Debug|x64.Build.0 = Debug|Any CPU
		{26553D31-6D48-4109-994D-792D2A88FC70}.Debug|x86.ActiveCfg = Debug|Any CPU
		{26553D31-6D48-4109-994D-792D2A88FC70}.Debug|x86.Build.0 = Debug|Any CPU
		{26553D31-6D48-4109-994D-792D2A88FC70}.Release|Any CPU.ActiveCfg = Release|Any CPU
		{26553D31-6D48-4109-994D-792D2A88FC70}.Release|Any CPU.Build.0 = Release|Any CPU
		{26553D31-6D48-4109-994D-792D2A88FC70}.Release|x64.ActiveCfg = Release|Any CPU
		{26553D31-6D48-4109-994D-792D2A88FC70}.Release|x64.Build.0 = Release|Any CPU
		{26553D31-6D48-4109-994D-792D2A88FC70}.Release|x86.ActiveCfg = Release|Any CPU
		{26553D31-6D48-4109-994D-792D2A88FC70}.Release|x86.Build.0 = Release|Any CPU
		{ABF04116-1F7F-4FC5-ABE2-7CA80E30E11A}.Debug|Any CPU.ActiveCfg = Debug|Any CPU
		{ABF04116-1F7F-4FC5-ABE2-7CA80E30E11A}.Debug|Any CPU.Build.0 = Debug|Any CPU
		{ABF04116-1F7F-4FC5-ABE2-7CA80E30E11A}.Debug|x64.ActiveCfg = Debug|Any CPU
		{ABF04116-1F7F-4FC5-ABE2-7CA80E30E11A}.Debug|x64.Build.0 = Debug|Any CPU
		{ABF04116-1F7F-4FC5-ABE2-7CA80E30E11A}.Debug|x86.ActiveCfg = Debug|Any CPU
		{ABF04116-1F7F-4FC5-ABE2-7CA80E30E11A}.Debug|x86.Build.0 = Debug|Any CPU
		{ABF04116-1F7F-4FC5-ABE2-7CA80E30E11A}.Release|Any CPU.ActiveCfg = Release|Any CPU
		{ABF04116-1F7F-4FC5-ABE2-7CA80E30E11A}.Release|Any CPU.Build.0 = Release|Any CPU
		{ABF04116-1F7F-4FC5-ABE2-7CA80E30E11A}.Release|x64.ActiveCfg = Release|Any CPU
		{ABF04116-1F7F-4FC5-ABE2-7CA80E30E11A}.Release|x64.Build.0 = Release|Any CPU
		{ABF04116-1F7F-4FC5-ABE2-7CA80E30E11A}.Release|x86.ActiveCfg = Release|Any CPU
		{ABF04116-1F7F-4FC5-ABE2-7CA80E30E11A}.Release|x86.Build.0 = Release|Any CPU
		{E4E5B702-826E-4E5E-9888-324E6F11A263}.Debug|Any CPU.ActiveCfg = Debug|Any CPU
		{E4E5B702-826E-4E5E-9888-324E6F11A263}.Debug|Any CPU.Build.0 = Debug|Any CPU
		{E4E5B702-826E-4E5E-9888-324E6F11A263}.Debug|x64.ActiveCfg = Debug|Any CPU
		{E4E5B702-826E-4E5E-9888-324E6F11A263}.Debug|x64.Build.0 = Debug|Any CPU
		{E4E5B702-826E-4E5E-9888-324E6F11A263}.Debug|x86.ActiveCfg = Debug|Any CPU
		{E4E5B702-826E-4E5E-9888-324E6F11A263}.Debug|x86.Build.0 = Debug|Any CPU
		{E4E5B702-826E-4E5E-9888-324E6F11A263}.Release|Any CPU.ActiveCfg = Release|Any CPU
		{E4E5B702-826E-4E5E-9888-324E6F11A263}.Release|Any CPU.Build.0 = Release|Any CPU
		{E4E5B702-826E-4E5E-9888-324E6F11A263}.Release|x64.ActiveCfg = Release|Any CPU
		{E4E5B702-826E-4E5E-9888-324E6F11A263}.Release|x64.Build.0 = Release|Any CPU
		{E4E5B702-826E-4E5E-9888-324E6F11A263}.Release|x86.ActiveCfg = Release|Any CPU
		{E4E5B702-826E-4E5E-9888-324E6F11A263}.Release|x86.Build.0 = Release|Any CPU
		{8D7D8BC0-C479-4700-B106-AB1B1C374AE7}.Debug|Any CPU.ActiveCfg = Debug|Any CPU
		{8D7D8BC0-C479-4700-B106-AB1B1C374AE7}.Debug|Any CPU.Build.0 = Debug|Any CPU
		{8D7D8BC0-C479-4700-B106-AB1B1C374AE7}.Debug|x64.ActiveCfg = Debug|Any CPU
		{8D7D8BC0-C479-4700-B106-AB1B1C374AE7}.Debug|x64.Build.0 = Debug|Any CPU
		{8D7D8BC0-C479-4700-B106-AB1B1C374AE7}.Debug|x86.ActiveCfg = Debug|Any CPU
		{8D7D8BC0-C479-4700-B106-AB1B1C374AE7}.Debug|x86.Build.0 = Debug|Any CPU
		{8D7D8BC0-C479-4700-B106-AB1B1C374AE7}.Release|Any CPU.ActiveCfg = Release|Any CPU
		{8D7D8BC0-C479-4700-B106-AB1B1C374AE7}.Release|Any CPU.Build.0 = Release|Any CPU
		{8D7D8BC0-C479-4700-B106-AB1B1C374AE7}.Release|x64.ActiveCfg = Release|Any CPU
		{8D7D8BC0-C479-4700-B106-AB1B1C374AE7}.Release|x64.Build.0 = Release|Any CPU
		{8D7D8BC0-C479-4700-B106-AB1B1C374AE7}.Release|x86.ActiveCfg = Release|Any CPU
		{8D7D8BC0-C479-4700-B106-AB1B1C374AE7}.Release|x86.Build.0 = Release|Any CPU
	EndGlobalSection
	GlobalSection(SolutionProperties) = preSolution
		HideSolutionNode = FALSE
	EndGlobalSection
	GlobalSection(NestedProjects) = preSolution
		{FE360695-3F2B-1049-3887-35FBB5135923} = {827E0CD3-B72D-47B6-A68D-7590B98EB39B}
		{06CF4BE5-2206-46F3-8C15-6750B327A0FB} = {FE360695-3F2B-1049-3887-35FBB5135923}
		{26553D31-6D48-4109-994D-792D2A88FC70} = {FE360695-3F2B-1049-3887-35FBB5135923}
		{ABF04116-1F7F-4FC5-ABE2-7CA80E30E11A} = {FE360695-3F2B-1049-3887-35FBB5135923}
		{E4E5B702-826E-4E5E-9888-324E6F11A263} = {FE360695-3F2B-1049-3887-35FBB5135923}
		{8D7D8BC0-C479-4700-B106-AB1B1C374AE7} = {0AB3BF05-4346-4AA6-1389-037BE0695223}
	EndGlobalSection
EndGlobal
